// !$*UTF8*$!
{
	archiveVersion = 1;
	classes = {
	};
	objectVersion = 50;
	objects = {

/* Begin PBXBuildFile section */
		28C50BAF23001A2A000A60E1 /* AppDelegate.swift in Sources */ = {isa = PBXBuildFile; fileRef = 28C50BAE23001A2A000A60E1 /* AppDelegate.swift */; };
		28C50BB123001A2A000A60E1 /* ViewController.swift in Sources */ = {isa = PBXBuildFile; fileRef = 28C50BB023001A2A000A60E1 /* ViewController.swift */; };
		28C50BB423001A2A000A60E1 /* Main.storyboard in Resources */ = {isa = PBXBuildFile; fileRef = 28C50BB223001A2A000A60E1 /* Main.storyboard */; };
		28C50BB623001A2B000A60E1 /* Assets.xcassets in Resources */ = {isa = PBXBuildFile; fileRef = 28C50BB523001A2B000A60E1 /* Assets.xcassets */; };
		28C50BB923001A2B000A60E1 /* LaunchScreen.storyboard in Resources */ = {isa = PBXBuildFile; fileRef = 28C50BB723001A2B000A60E1 /* LaunchScreen.storyboard */; };
		28C50BC323001A72000A60E1 /* UIImage+Tint.swift in Sources */ = {isa = PBXBuildFile; fileRef = 28C50BC223001A72000A60E1 /* UIImage+Tint.swift */; };
		28C50BC723004286000A60E1 /* text.png in Resources */ = {isa = PBXBuildFile; fileRef = 28C50BC623004286000A60E1 /* text.png */; };
/* End PBXBuildFile section */

/* Begin PBXFileReference section */
		28C50BAB23001A2A000A60E1 /* ManualTint.app */ = {isa = PBXFileReference; explicitFileType = wrapper.application; includeInIndex = 0; path = ManualTint.app; sourceTree = BUILT_PRODUCTS_DIR; };
		28C50BAE23001A2A000A60E1 /* AppDelegate.swift */ = {isa = PBXFileReference; lastKnownFileType = sourcecode.swift; path = AppDelegate.swift; sourceTree = "<group>"; };
		28C50BB023001A2A000A60E1 /* ViewController.swift */ = {isa = PBXFileReference; lastKnownFileType = sourcecode.swift; path = ViewController.swift; sourceTree = "<group>"; };
		28C50BB323001A2A000A60E1 /* Base */ = {isa = PBXFileReference; lastKnownFileType = file.storyboard; name = Base; path = Base.lproj/Main.storyboard; sourceTree = "<group>"; };
		28C50BB523001A2B000A60E1 /* Assets.xcassets */ = {isa = PBXFileReference; lastKnownFileType = folder.assetcatalog; path = Assets.xcassets; sourceTree = "<group>"; };
		28C50BB823001A2B000A60E1 /* Base */ = {isa = PBXFileReference; lastKnownFileType = file.storyboard; name = Base; path = Base.lproj/LaunchScreen.storyboard; sourceTree = "<group>"; };
		28C50BBA23001A2B000A60E1 /* Info.plist */ = {isa = PBXFileReference; lastKnownFileType = text.plist.xml; path = Info.plist; sourceTree = "<group>"; };
		28C50BC223001A72000A60E1 /* UIImage+Tint.swift */ = {isa = PBXFileReference; lastKnownFileType = sourcecode.swift; path = "UIImage+Tint.swift"; sourceTree = "<group>"; };
		28C50BC623004286000A60E1 /* text.png */ = {isa = PBXFileReference; lastKnownFileType = image.png; path = text.png; sourceTree = "<group>"; };
/* End PBXFileReference section */

/* Begin PBXFrameworksBuildPhase section */
		28C50BA823001A2A000A60E1 /* Frameworks */ = {
			isa = PBXFrameworksBuildPhase;
			buildActionMask = 2147483647;
			files = (
			);
			runOnlyForDeploymentPostprocessing = 0;
		};
/* End PBXFrameworksBuildPhase section */

/* Begin PBXGroup section */
		28C50BA223001A2A000A60E1 = {
			isa = PBXGroup;
			children = (
				28C50BAD23001A2A000A60E1 /* ManualTint */,
				28C50BAC23001A2A000A60E1 /* Products */,
			);
			sourceTree = "<group>";
		};
		28C50BAC23001A2A000A60E1 /* Products */ = {
			isa = PBXGroup;
			children = (
				28C50BAB23001A2A000A60E1 /* ManualTint.app */,
			);
			name = Products;
			sourceTree = "<group>";
		};
		28C50BAD23001A2A000A60E1 /* ManualTint */ = {
			isa = PBXGroup;
			children = (
				28C50BC623004286000A60E1 /* text.png */,
				28C50BAE23001A2A000A60E1 /* AppDelegate.swift */,
				28C50BB023001A2A000A60E1 /* ViewController.swift */,
				28C50BB223001A2A000A60E1 /* Main.storyboard */,
				28C50BB523001A2B000A60E1 /* Assets.xcassets */,
				28C50BB723001A2B000A60E1 /* LaunchScreen.storyboard */,
				28C50BBA23001A2B000A60E1 /* Info.plist */,
				28C50BC223001A72000A60E1 /* UIImage+Tint.swift */,
			);
			path = ManualTint;
			sourceTree = "<group>";
		};
/* End PBXGroup section */

/* Begin PBXNativeTarget section */
		28C50BAA23001A2A000A60E1 /* ManualTint */ = {
			isa = PBXNativeTarget;
			buildConfigurationList = 28C50BBD23001A2B000A60E1 /* Build configuration list for PBXNativeTarget "ManualTint" */;
			buildPhases = (
				28C50BA723001A2A000A60E1 /* Sources */,
				28C50BA823001A2A000A60E1 /* Frameworks */,
				28C50BA923001A2A000A60E1 /* Resources */,
			);
			buildRules = (
			);
			dependencies = (
			);
			name = ManualTint;
			productName = ManualTint;
			productReference = 28C50BAB23001A2A000A60E1 /* ManualTint.app */;
			productType = "com.apple.product-type.application";
		};
/* End PBXNativeTarget section */

/* Begin PBXProject section */
		28C50BA323001A2A000A60E1 /* Project object */ = {
			isa = PBXProject;
			attributes = {
				LastSwiftUpdateCheck = 1020;
				LastUpgradeCheck = 1020;
				ORGANIZATIONNAME = "Ahmed Khalaf";
				TargetAttributes = {
					28C50BAA23001A2A000A60E1 = {
						CreatedOnToolsVersion = 10.2.1;
					};
				};
			};
			buildConfigurationList = 28C50BA623001A2A000A60E1 /* Build configuration list for PBXProject "ManualTint" */;
			compatibilityVersion = "Xcode 9.3";
			developmentRegion = en;
			hasScannedForEncodings = 0;
			knownRegions = (
				en,
				Base,
			);
			mainGroup = 28C50BA223001A2A000A60E1;
			productRefGroup = 28C50BAC23001A2A000A60E1 /* Products */;
			projectDirPath = "";
			projectRoot = "";
			targets = (
				28C50BAA23001A2A000A60E1 /* ManualTint */,
			);
		};
/* End PBXProject section */

/* Begin PBXResourcesBuildPhase section */
		28C50BA923001A2A000A60E1 /* Resources */ = {
			isa = PBXResourcesBuildPhase;
			buildActionMask = 2147483647;
			files = (
				28C50BC723004286000A60E1 /* text.png in Resources */,
				28C50BB923001A2B000A60E1 /* LaunchScreen.storyboard in Resources */,
				28C50BB623001A2B000A60E1 /* Assets.xcassets in Resources */,
				28C50BB423001A2A000A60E1 /* Main.storyboard in Resources */,
			);
			runOnlyForDeploymentPostprocessing = 0;
		};
/* End PBXResourcesBuildPhase section */

/* Begin PBXSourcesBuildPhase section */
		28C50BA723001A2A000A60E1 /* Sources */ = {
			isa = PBXSourcesBuildPhase;
			buildActionMask = 2147483647;
			files = (
				28C50BB123001A2A000A60E1 /* ViewController.swift in Sources */,
				28C50BAF23001A2A000A60E1 /* AppDelegate.swift in Sources */,
				28C50BC323001A72000A60E1 /* UIImage+Tint.swift in Sources */,
			);
			runOnlyForDeploymentPostprocessing = 0;
		};
/* End PBXSourcesBuildPhase section */

/* Begin PBXVariantGroup section */
		28C50BB223001A2A000A60E1 /* Main.storyboard */ = {
			isa = PBXVariantGroup;
			children = (
				28C50BB323001A2A000A60E1 /* Base */,
			);
			name = Main.storyboard;
			sourceTree = "<group>";
		};
		28C50BB723001A2B000A60E1 /* LaunchScreen.storyboard */ = {
			isa = PBXVariantGroup;
			children = (
				28C50BB823001A2B000A60E1 /* Base */,
			);
			name = LaunchScreen.storyboard;
			sourceTree = "<group>";
		};
/* End PBXVariantGroup section */

/* Begin XCBuildConfiguration section */
		28C50BBB23001A2B000A60E1 /* Debug */ = {
			isa = XCBuildConfiguration;
			buildSettings = {
				ALWAYS_SEARCH_USER_PATHS = NO;
				CLANG_ANALYZER_NONNULL = YES;
				CLANG_ANALYZER_NUMBER_OBJECT_CONVERSION = YES_AGGRESSIVE;
				CLANG_CXX_LANGUAGE_STANDARD = "gnu++14";
				CLANG_CXX_LIBRARY = "libc++";
				CLANG_ENABLE_MODULES = YES;
				CLANG_ENABLE_OBJC_ARC = YES;
				CLANG_ENABLE_OBJC_WEAK = YES;
				CLANG_WARN_BLOCK_CAPTURE_AUTORELEASING = YES;
				CLANG_WARN_BOOL_CONVERSION = YES;
				CLANG_WARN_COMMA = YES;
				CLANG_WARN_CONSTANT_CONVERSION = YES;
				CLANG_WARN_DEPRECATED_OBJC_IMPLEMENTATIONS = YES;
				CLANG_WARN_DIRECT_OBJC_ISA_USAGE = YES_ERROR;
				CLANG_WARN_DOCUMENTATION_COMMENTS = YES;
				CLANG_WARN_EMPTY_BODY = YES;
				CLANG_WARN_ENUM_CONVERSION = YES;
				CLANG_WARN_INFINITE_RECURSION = YES;
				CLANG_WARN_INT_CONVERSION = YES;
				CLANG_WARN_NON_LITERAL_NULL_CONVERSION = YES;
				CLANG_WARN_OBJC_IMPLICIT_RETAIN_SELF = YES;
				CLANG_WARN_OBJC_LITERAL_CONVERSION = YES;
				CLANG_WARN_OBJC_ROOT_CLASS = YES_ERROR;
				CLANG_WARN_RANGE_LOOP_ANALYSIS = YES;
				CLANG_WARN_STRICT_PROTOTYPES = YES;
				CLANG_WARN_SUSPICIOUS_MOVE = YES;
				CLANG_WARN_UNGUARDED_AVAILABILITY = YES_AGGRESSIVE;
				CLANG_WARN_UNREACHABLE_CODE = YES;
				CLANG_WARN__DUPLICATE_METHOD_MATCH = YES;
				CODE_SIGN_IDENTITY = "iPhone Developer";
				COPY_PHASE_STRIP = NO;
				DEBUG_INFORMATION_FORMAT = dwarf;
				ENABLE_STRICT_OBJC_MSGSEND = YES;
				ENABLE_TESTABILITY = YES;
				GCC_C_LANGUAGE_STANDARD = gnu11;
				GCC_DYNAMIC_NO_PIC = NO;
				GCC_NO_COMMON_BLOCKS = YES;
				GCC_OPTIMIZATION_LEVEL = 0;
				GCC_PREPROCESSOR_DEFINITIONS = (
					"DEBUG=1",
					"$(inherited)",
				);
				GCC_WARN_64_TO_32_BIT_CONVERSION = YES;
				GCC_WARN_ABOUT_RETURN_TYPE = YES_ERROR;
				GCC_WARN_UNDECLARED_SELECTOR = YES;
				GCC_WARN_UNINITIALIZED_AUTOS = YES_AGGRESSIVE;
				GCC_WARN_UNUSED_FUNCTION = YES;
				GCC_WARN_UNUSED_VARIABLE = YES;
				IPHONEOS_DEPLOYMENT_TARGET = 12.2;
				MTL_ENABLE_DEBUG_INFO = INCLUDE_SOURCE;
				MTL_FAST_MATH = YES;
				ONLY_ACTIVE_ARCH = YES;
				SDKROOT = iphoneos;
				SWIFT_ACTIVE_COMPILATION_CONDITIONS = DEBUG;
				SWIFT_OPTIMIZATION_LEVEL = "-Onone";
			};
			name = Debug;
		};
		28C50BBC23001A2B000A60E1 /* Release */ = {
			isa = XCBuildConfiguration;
			buildSettings = {
				ALWAYS_SEARCH_USER_PATHS = NO;
				CLANG_ANALYZER_NONNULL = YES;
				CLANG_ANALYZER_NUMBER_OBJECT_CONVERSION = YES_AGGRESSIVE;
				CLANG_CXX_LANGUAGE_STANDARD = "gnu++14";
				CLANG_CXX_LIBRARY = "libc++";
				CLANG_ENABLE_MODULES = YES;
				CLANG_ENABLE_OBJC_ARC = YES;
				CLANG_ENABLE_OBJC_WEAK = YES;
				CLANG_WARN_BLOCK_CAPTURE_AUTORELEASING = YES;
				CLANG_WARN_BOOL_CONVERSION = YES;
				CLANG_WARN_COMMA = YES;
				CLANG_WARN_CONSTANT_CONVERSION = YES;
				CLANG_WARN_DEPRECATED_OBJC_IMPLEMENTATIONS = YES;
				CLANG_WARN_DIRECT_OBJC_ISA_USAGE = YES_ERROR;
				CLANG_WARN_DOCUMENTATION_COMMENTS = YES;
				CLANG_WARN_EMPTY_BODY = YES;
				CLANG_WARN_ENUM_CONVERSION = YES;
				CLANG_WARN_INFINITE_RECURSION = YES;
				CLANG_WARN_INT_CONVERSION = YES;
				CLANG_WARN_NON_LITERAL_NULL_CONVERSION = YES;
				CLANG_WARN_OBJC_IMPLICIT_RETAIN_SELF = YES;
				CLANG_WARN_OBJC_LITERAL_CONVERSION = YES;
				CLANG_WARN_OBJC_ROOT_CLASS = YES_ERROR;
				CLANG_WARN_RANGE_LOOP_ANALYSIS = YES;
				CLANG_WARN_STRICT_PROTOTYPES = YES;
				CLANG_WARN_SUSPICIOUS_MOVE = YES;
				CLANG_WARN_UNGUARDED_AVAILABILITY = YES_AGGRESSIVE;
				CLANG_WARN_UNREACHABLE_CODE = YES;
				CLANG_WARN__DUPLICATE_METHOD_MATCH = YES;
				CODE_SIGN_IDENTITY = "iPhone Developer";
				COPY_PHASE_STRIP = NO;
				DEBUG_INFORMATION_FORMAT = "dwarf-with-dsym";
				ENABLE_NS_ASSERTIONS = NO;
				ENABLE_STRICT_OBJC_MSGSEND = YES;
				GCC_C_LANGUAGE_STANDARD = gnu11;
				GCC_NO_COMMON_BLOCKS = YES;
				GCC_WARN_64_TO_32_BIT_CONVERSION = YES;
				GCC_WARN_ABOUT_RETURN_TYPE = YES_ERROR;
				GCC_WARN_UNDECLARED_SELECTOR = YES;
				GCC_WARN_UNINITIALIZED_AUTOS = YES_AGGRESSIVE;
				GCC_WARN_UNUSED_FUNCTION = YES;
				GCC_WARN_UNUSED_VARIABLE = YES;
				IPHONEOS_DEPLOYMENT_TARGET = 12.2;
				MTL_ENABLE_DEBUG_INFO = NO;
				MTL_FAST_MATH = YES;
				SDKROOT = iphoneos;
				SWIFT_COMPILATION_MODE = wholemodule;
				SWIFT_OPTIMIZATION_LEVEL = "-O";
				VALIDATE_PRODUCT = YES;
			};
			name = Release;
		};
		28C50BBE23001A2B000A60E1 /* Debug */ = {
			isa = XCBuildConfiguration;
			buildSettings = {
				ASSETCATALOG_COMPILER_APPICON_NAME = AppIcon;
				CODE_SIGN_STYLE = Automatic;
				INFOPLIST_FILE = ManualTint/Info.plist;
				LD_RUNPATH_SEARCH_PATHS = (
					"$(inherited)",
					"@executable_path/Frameworks",
				);
				PRODUCT_BUNDLE_IDENTIFIER = AK.ManualTint;
				PRODUCT_NAME = "$(TARGET_NAME)";
				SWIFT_VERSION = 5.0;
				TARGETED_DEVICE_FAMILY = "1,2";
			};
			name = Debug;
		};
		28C50BBF23001A2B000A60E1 /* Release */ = {
			isa = XCBuildConfiguration;
			buildSettings = {
				ASSETCATALOG_COMPILER_APPICON_NAME = AppIcon;
				CODE_SIGN_STYLE = Automatic;
				INFOPLIST_FILE = ManualTint/Info.plist;
				LD_RUNPATH_SEARCH_PATHS = (
					"$(inherited)",
					"@executable_path/Frameworks",
				);
				PRODUCT_BUNDLE_IDENTIFIER = AK.ManualTint;
				PRODUCT_NAME = "$(TARGET_NAME)";
				SWIFT_VERSION = 5.0;
				TARGETED_DEVICE_FAMILY = "1,2";
			};
			name = Release;
		};
/* End XCBuildConfiguration section */

/* Begin XCConfigurationList section */
		28C50BA623001A2A000A60E1 /* Build configuration list for PBXProject "ManualTint" */ = {
			isa = XCConfigurationList;
			buildConfigurations = (
				28C50BBB23001A2B000A60E1 /* Debug */,
				28C50BBC23001A2B000A60E1 /* Release */,
			);
			defaultConfigurationIsVisible = 0;
			defaultConfigurationName = Release;
		};
		28C50BBD23001A2B000A60E1 /* Build configuration list for PBXNativeTarget "ManualTint" */ = {
			isa = XCConfigurationList;
			buildConfigurations = (
				28C50BBE23001A2B000A60E1 /* Debug */,
				28C50BBF23001A2B000A60E1 /* Release */,
			);
			defaultConfigurationIsVisible = 0;
			defaultConfigurationName = Release;
		};
/* End XCConfigurationList section */
	};
	rootObject = 28C50BA323001A2A000A60E1 /* Project object */;
}
